
Microsoft Visual Studio Solution File, Format Version 12.00
# Visual Studio Version 16
VisualStudioVersion = 16.0.31112.23
MinimumVisualStudioVersion = 10.0.40219.1
Project("{8BC9CEB8-8B4A-11D0-8D11-00A0C91BC942}") = "GAMS101-Assignment04", "GAMS101-Assignment04\GAMS101-Assignment04.vcxproj", "{D609B658-6C2E-4285-9EE7-3952B181D4CF}"
EndProject
Global
	GlobalSection(SolutionConfigurationPlatforms) = preSolution
		Debug|x64 = Debug|x64
		Debug|x86 = Debug|x86
		Release|x64 = Release|x64
		Release|x86 = Release|x86
	EndGlobalSection
	GlobalSection(ProjectConfigurationPlatforms) = postSolution
		{D609B658-6C2E-4285-9EE7-3952B181D4CF}.Debug|x64.ActiveCfg = Debug|x64
		{D609B658-6C2E-4285-9EE7-3952B181D4CF}.Debug|x64.Build.0 = Debug|x64
		{D609B658-6C2E-4285-9EE7-3952B181D4CF}.Debug|x86.ActiveCfg = Debug|Win32
		{D609B658-6C2E-4285-9EE7-3952B181D4CF}.Debug|x86.Build.0 = Debug|Win32
		{D609B658-6C2E-4285-9EE7-3952B181D4CF}.Release|x64.ActiveCfg = Release|x64
		{D609B658-6C2E-4285-9EE7-3952B181D4CF}.Release|x64.Build.0 = Release|x64
		{D609B658-6C2E-4285-9EE7-3952B181D4CF}.Release|x86.ActiveCfg = Release|Win32
		{D609B658-6C2E-4285-9EE7-3952B181D4CF}.Release|x86.Build.0 = Release|Win32
	EndGlobalSection
	GlobalSection(SolutionProperties) = preSolution
		HideSolutionNode = FALSE
	EndGlobalSection
	GlobalSection(ExtensibilityGlobals) = postSolution
		SolutionGuid = {09929E9A-137B-4125-A50C-A760CE683B8F}
	EndGlobalSection
EndGlobal
